
Microsoft Visual Studio Solution File, Format Version 12.00
# Visual Studio Version 17
VisualStudioVersion = 17.1.32228.430
MinimumVisualStudioVersion = 10.0.40219.1
Project("{FAE04EC0-301F-11D3-BF4B-00C04F79EFBC}") = "MVCDemoProject", "MVCDemoProject\MVCDemoProject.csproj", "{19FA2D30-CD15-4977-AF97-034E23064AFA}"
EndProject
Global
	GlobalSection(SolutionConfigurationPlatforms) = preSolution
		Debug|Any CPU = Debug|Any CPU
		Release|Any CPU = Release|Any CPU
	EndGlobalSection
	GlobalSection(ProjectConfigurationPlatforms) = postSolution
		{19FA2D30-CD15-4977-AF97-034E23064AFA}.Debug|Any CPU.ActiveCfg = Debug|Any CPU
		{19FA2D30-CD15-4977-AF97-034E23064AFA}.Debug|Any CPU.Build.0 = Debug|Any CPU
		{19FA2D30-CD15-4977-AF97-034E23064AFA}.Release|Any CPU.ActiveCfg = Release|Any CPU
		{19FA2D30-CD15-4977-AF97-034E23064AFA}.Release|Any CPU.Build.0 = Release|Any CPU
	EndGlobalSection
	GlobalSection(SolutionProperties) = preSolution
		HideSolutionNode = FALSE
	EndGlobalSection
	GlobalSection(ExtensibilityGlobals) = postSolution
		SolutionGuid = {28D88941-7638-4113-BE59-380436A283B6}
	EndGlobalSection
EndGlobal
